PODS:
  - EasyPeasy (1.4)
  - PayWandBasicElements (0.0.3):
    - EasyPeasy (~> 1.4)
    - SwiftyButton (~> 0.5.0)
    - UIColor_Hex_Swift
  - PureLayout (3.0.2)
  - SwiftyButton (0.5.0):
    - SwiftyButton/CustomContent (= 0.5.0)
  - SwiftyButton/CustomContent (0.5.0):
    - PureLayout (~> 3.0)
  - UIColor_Hex_Swift (3.0.2)

DEPENDENCIES:
  - EasyPeasy
  - PayWandBasicElements (from `../PayWandBasicElements`)

EXTERNAL SOURCES:
  PayWandBasicElements:
    :path: ../PayWandBasicElements

SPEC CHECKSUMS:
  EasyPeasy: c2e49ceb822edc0a5fffefd66240fff10129047d
  PayWandBasicElements: 46e7016b92ab40c809c5a9de3e17b19585c73fd6
  PureLayout: 4d550abe49a94f24c2808b9b95db9131685fe4cd
  SwiftyButton: 7f1c7774a0aa721cbb6ea287742198ea0ee50c05
  UIColor_Hex_Swift: 95f718452092a3efc8a827dffd2c04d3237be02d

PODFILE CHECKSUM: 48763cd1087776f2b83d8bc4becf12aa4ac0e40d

COCOAPODS: 1.2.0.beta.1
